// !$*UTF8*$!
{
	archiveVersion = 1;
	classes = {
	};
	objectVersion = 77;
	objects = {

/* Begin PBXBuildFile section */
		788ECC0C2E651102004FC195 /* BuildConfiguration.swift in Sources */ = {isa = PBXBuildFile; fileRef = 788ECC052E651102004FC195 /* BuildConfiguration.swift */; };
		788ECC0D2E651102004FC195 /* ContentView.swift in Sources */ = {isa = PBXBuildFile; fileRef = 788ECC062E651102004FC195 /* ContentView.swift */; };
		788ECC0E2E651102004FC195 /* SwiftTemplateApp.swift in Sources */ = {isa = PBXBuildFile; fileRef = 788ECC0A2E651102004FC195 /* SwiftTemplateApp.swift */; };
		788ECC142E651102004FC195 /* Settings.bundle in Resources */ = {isa = PBXBuildFile; fileRef = 788ECC082E651102004FC195 /* Settings.bundle */; };
		788ECC1B2E651144004FC195 /* Assets.xcassets in Resources */ = {isa = PBXBuildFile; fileRef = 788ECC182E651144004FC195 /* Assets.xcassets */; };
		788ECC5A2E6516DC004FC195 /* GoogleService-Info.plist in Resources */ = {isa = PBXBuildFile; fileRef = 788ECC592E6516DC004FC195 /* GoogleService-Info.plist */; };
		78AB61E02E62EF0F00228F2B /* Rakuten in Frameworks */ = {isa = PBXBuildFile; productRef = 78AB61DF2E62EF0F00228F2B /* Rakuten */; };
		78AB61E22E62EF0F00228F2B /* RakutenConnector in Frameworks */ = {isa = PBXBuildFile; productRef = 78AB61E12E62EF0F00228F2B /* RakutenConnector */; };
		78AB61E42E62EF0F00228F2B /* RakutenView in Frameworks */ = {isa = PBXBuildFile; productRef = 78AB61E32E62EF0F00228F2B /* RakutenView */; };
		78C6CF692E59CAE900FF4A66 /* APIClient in Frameworks */ = {isa = PBXBuildFile; productRef = 78C6CF682E59CAE900FF4A66 /* APIClient */; };
		78C6CF6B2E59CAE900FF4A66 /* AppConfiguration in Frameworks */ = {isa = PBXBuildFile; productRef = 78C6CF6A2E59CAE900FF4A66 /* AppConfiguration */; };
		78C6CF6D2E59CAE900FF4A66 /* AppExtension in Frameworks */ = {isa = PBXBuildFile; productRef = 78C6CF6C2E59CAE900FF4A66 /* AppExtension */; };
		78C6CF6F2E59CAE900FF4A66 /* AppFeature in Frameworks */ = {isa = PBXBuildFile; productRef = 78C6CF6E2E59CAE900FF4A66 /* AppFeature */; };
		78C6CF972E59E54E00FF4A66 /* ViewComponent in Frameworks */ = {isa = PBXBuildFile; productRef = 78C6CF962E59E54E00FF4A66 /* ViewComponent */; };
		78C6CF992E59E55100FF4A66 /* AppUI in Frameworks */ = {isa = PBXBuildFile; productRef = 78C6CF982E59E55100FF4A66 /* AppUI */; };
		78C6CFAE2E5A08D200FF4A66 /* AppDebug in Frameworks */ = {isa = PBXBuildFile; productRef = 78C6CFAD2E5A08D200FF4A66 /* AppDebug */; };
		78C6CFBA2E5A14BA00FF4A66 /* AppFirebase in Frameworks */ = {isa = PBXBuildFile; productRef = 78C6CFB92E5A14BA00FF4A66 /* AppFirebase */; };
/* End PBXBuildFile section */

/* Begin PBXFileReference section */
		788ECC052E651102004FC195 /* BuildConfiguration.swift */ = {isa = PBXFileReference; lastKnownFileType = sourcecode.swift; path = BuildConfiguration.swift; sourceTree = "<group>"; };
		788ECC062E651102004FC195 /* ContentView.swift */ = {isa = PBXFileReference; lastKnownFileType = sourcecode.swift; path = ContentView.swift; sourceTree = "<group>"; };
		788ECC072E651102004FC195 /* Info.plist */ = {isa = PBXFileReference; lastKnownFileType = text.plist.xml; path = Info.plist; sourceTree = "<group>"; };
		788ECC082E651102004FC195 /* Settings.bundle */ = {isa = PBXFileReference; lastKnownFileType = "wrapper.plug-in"; path = Settings.bundle; sourceTree = "<group>"; };
		788ECC0A2E651102004FC195 /* SwiftTemplateApp.swift */ = {isa = PBXFileReference; lastKnownFileType = sourcecode.swift; path = SwiftTemplateApp.swift; sourceTree = "<group>"; };
		788ECC182E651144004FC195 /* Assets.xcassets */ = {isa = PBXFileReference; lastKnownFileType = folder.assetcatalog; name = Assets.xcassets; path = Staging/Assets.xcassets; sourceTree = "<group>"; };
		788ECC592E6516DC004FC195 /* GoogleService-Info.plist */ = {isa = PBXFileReference; lastKnownFileType = text.plist.xml; name = "GoogleService-Info.plist"; path = "Staging/GoogleService-Info.plist"; sourceTree = "<group>"; };
		78F93EEE2E50626700346B12 /* Staging.app */ = {isa = PBXFileReference; explicitFileType = wrapper.application; includeInIndex = 0; path = Staging.app; sourceTree = BUILT_PRODUCTS_DIR; };
/* End PBXFileReference section */

/* Begin PBXFrameworksBuildPhase section */
		78F93EEB2E50626700346B12 /* Frameworks */ = {
			isa = PBXFrameworksBuildPhase;
			buildActionMask = 2147483647;
			files = (
				78AB61E42E62EF0F00228F2B /* RakutenView in Frameworks */,
				78C6CF992E59E55100FF4A66 /* AppUI in Frameworks */,
				78C6CF972E59E54E00FF4A66 /* ViewComponent in Frameworks */,
				78C6CF692E59CAE900FF4A66 /* APIClient in Frameworks */,
				78C6CF6D2E59CAE900FF4A66 /* AppExtension in Frameworks */,
				78C6CFAE2E5A08D200FF4A66 /* AppDebug in Frameworks */,
				78C6CFBA2E5A14BA00FF4A66 /* AppFirebase in Frameworks */,
				78C6CF6B2E59CAE900FF4A66 /* AppConfiguration in Frameworks */,
				78AB61E22E62EF0F00228F2B /* RakutenConnector in Frameworks */,
				78C6CF6F2E59CAE900FF4A66 /* AppFeature in Frameworks */,
				78AB61E02E62EF0F00228F2B /* Rakuten in Frameworks */,
			);
			runOnlyForDeploymentPostprocessing = 0;
		};
/* End PBXFrameworksBuildPhase section */

/* Begin PBXGroup section */
		788ECC0B2E651102004FC195 /* iOS */ = {
			isa = PBXGroup;
			children = (
				788ECC182E651144004FC195 /* Assets.xcassets */,
				788ECC592E6516DC004FC195 /* GoogleService-Info.plist */,
				788ECC072E651102004FC195 /* Info.plist */,
				788ECC082E651102004FC195 /* Settings.bundle */,
				788ECC052E651102004FC195 /* BuildConfiguration.swift */,
				788ECC062E651102004FC195 /* ContentView.swift */,
				788ECC0A2E651102004FC195 /* SwiftTemplateApp.swift */,
			);
			path = iOS;
			sourceTree = "<group>";
		};
		78F93EE52E50626700346B12 = {
			isa = PBXGroup;
			children = (
				788ECC0B2E651102004FC195 /* iOS */,
				78F93EEF2E50626700346B12 /* Products */,
			);
			sourceTree = "<group>";
		};
		78F93EEF2E50626700346B12 /* Products */ = {
			isa = PBXGroup;
			children = (
				78F93EEE2E50626700346B12 /* Staging.app */,
			);
			name = Products;
			sourceTree = "<group>";
		};
/* End PBXGroup section */

/* Begin PBXNativeTarget section */
		78F93EED2E50626700346B12 /* Staging */ = {
			isa = PBXNativeTarget;
			buildConfigurationList = 78F93F112E50626900346B12 /* Build configuration list for PBXNativeTarget "Staging" */;
			buildPhases = (
				783AAEB52E5A93ED00026537 /* Build Release */,
				783AAEB62E5A945700026537 /* License Plist */,
				78F93EEA2E50626700346B12 /* Sources */,
				78F93EEB2E50626700346B12 /* Frameworks */,
				78F93EEC2E50626700346B12 /* Resources */,
				78C6CFB82E5A0FC200FF4A66 /* Crashlytics */,
			);
			buildRules = (
			);
			dependencies = (
			);
			name = Staging;
			packageProductDependencies = (
				78C6CF682E59CAE900FF4A66 /* APIClient */,
				78C6CF6A2E59CAE900FF4A66 /* AppConfiguration */,
				78C6CF6C2E59CAE900FF4A66 /* AppExtension */,
				78C6CF6E2E59CAE900FF4A66 /* AppFeature */,
				78C6CF962E59E54E00FF4A66 /* ViewComponent */,
				78C6CF982E59E55100FF4A66 /* AppUI */,
				78C6CFAD2E5A08D200FF4A66 /* AppDebug */,
				78C6CFB92E5A14BA00FF4A66 /* AppFirebase */,
				78AB61DF2E62EF0F00228F2B /* Rakuten */,
				78AB61E12E62EF0F00228F2B /* RakutenConnector */,
				78AB61E32E62EF0F00228F2B /* RakutenView */,
			);
			productName = SwiftTemplate;
			productReference = 78F93EEE2E50626700346B12 /* Staging.app */;
			productType = "com.apple.product-type.application";
		};
/* End PBXNativeTarget section */

/* Begin PBXProject section */
		78F93EE62E50626700346B12 /* Project object */ = {
			isa = PBXProject;
			attributes = {
				BuildIndependentTargetsInParallel = 1;
				LastSwiftUpdateCheck = 1640;
				LastUpgradeCheck = 1640;
				TargetAttributes = {
					78F93EED2E50626700346B12 = {
						CreatedOnToolsVersion = 16.4;
					};
				};
			};
			buildConfigurationList = 78F93EE92E50626700346B12 /* Build configuration list for PBXProject "Staging" */;
			developmentRegion = en;
			hasScannedForEncodings = 0;
			knownRegions = (
				en,
				Base,
			);
			mainGroup = 78F93EE52E50626700346B12;
			minimizedProjectReferenceProxies = 1;
			preferredProjectObjectVersion = 77;
			productRefGroup = 78F93EEF2E50626700346B12 /* Products */;
			projectDirPath = "";
			projectRoot = "";
			targets = (
				78F93EED2E50626700346B12 /* Staging */,
			);
		};
/* End PBXProject section */

/* Begin PBXResourcesBuildPhase section */
		78F93EEC2E50626700346B12 /* Resources */ = {
			isa = PBXResourcesBuildPhase;
			buildActionMask = 2147483647;
			files = (
				788ECC1B2E651144004FC195 /* Assets.xcassets in Resources */,
				788ECC5A2E6516DC004FC195 /* GoogleService-Info.plist in Resources */,
				788ECC142E651102004FC195 /* Settings.bundle in Resources */,
			);
			runOnlyForDeploymentPostprocessing = 0;
		};
/* End PBXResourcesBuildPhase section */

/* Begin PBXShellScriptBuildPhase section */
		783AAEB52E5A93ED00026537 /* Build Release */ = {
			isa = PBXShellScriptBuildPhase;
			alwaysOutOfDate = 1;
			buildActionMask = 2147483647;
			files = (
			);
			inputFileListPaths = (
			);
			inputPaths = (
			);
			name = "Build Release";
			outputFileListPaths = (
			);
			outputPaths = (
			);
			runOnlyForDeploymentPostprocessing = 0;
			shellPath = /bin/sh;
			shellScript = "sh ../script/buildPhases/release-build.sh\n";
		};
		783AAEB62E5A945700026537 /* License Plist */ = {
			isa = PBXShellScriptBuildPhase;
			alwaysOutOfDate = 1;
			buildActionMask = 2147483647;
			files = (
			);
			inputFileListPaths = (
			);
			inputPaths = (
			);
			name = "License Plist";
			outputFileListPaths = (
			);
			outputPaths = (
			);
			runOnlyForDeploymentPostprocessing = 0;
			shellPath = /bin/sh;
			shellScript = "sh ../script/buildPhases/license-plist.sh\n";
		};
		78C6CFB82E5A0FC200FF4A66 /* Crashlytics */ = {
			isa = PBXShellScriptBuildPhase;
			alwaysOutOfDate = 1;
			buildActionMask = 2147483647;
			files = (
			);
			inputFileListPaths = (
			);
			inputPaths = (
				"${DWARF_DSYM_FOLDER_PATH}/${DWARF_DSYM_FILE_NAME}",
				"${DWARF_DSYM_FOLDER_PATH}/${DWARF_DSYM_FILE_NAME}/Contents/Resources/DWARF/${PRODUCT_NAME}",
				"${DWARF_DSYM_FOLDER_PATH}/${DWARF_DSYM_FILE_NAME}/Contents/Info.plist",
				"$(TARGET_BUILD_DIR)/$(UNLOCALIZED_RESOURCES_FOLDER_PATH)/GoogleService-Info.plist",
				"$(TARGET_BUILD_DIR)/$(EXECUTABLE_PATH)",
			);
			name = Crashlytics;
			outputFileListPaths = (
			);
			outputPaths = (
			);
			runOnlyForDeploymentPostprocessing = 0;
			shellPath = /bin/sh;
			shellScript = "sh ../script/buildPhases/crashlytics.sh\n";
		};
/* End PBXShellScriptBuildPhase section */

/* Begin PBXSourcesBuildPhase section */
		78F93EEA2E50626700346B12 /* Sources */ = {
			isa = PBXSourcesBuildPhase;
			buildActionMask = 2147483647;
			files = (
				788ECC0C2E651102004FC195 /* BuildConfiguration.swift in Sources */,
				788ECC0D2E651102004FC195 /* ContentView.swift in Sources */,
				788ECC0E2E651102004FC195 /* SwiftTemplateApp.swift in Sources */,
			);
			runOnlyForDeploymentPostprocessing = 0;
		};
/* End PBXSourcesBuildPhase section */

/* Begin XCBuildConfiguration section */
		78F93F0F2E50626900346B12 /* Debug */ = {
			isa = XCBuildConfiguration;
			buildSettings = {
				ALWAYS_SEARCH_USER_PATHS = NO;
				ASSETCATALOG_COMPILER_GENERATE_SWIFT_ASSET_SYMBOL_EXTENSIONS = YES;
				CLANG_ANALYZER_NONNULL = YES;
				CLANG_ANALYZER_NUMBER_OBJECT_CONVERSION = YES_AGGRESSIVE;
				CLANG_CXX_LANGUAGE_STANDARD = "gnu++20";
				CLANG_ENABLE_MODULES = YES;
				CLANG_ENABLE_OBJC_ARC = YES;
				CLANG_ENABLE_OBJC_WEAK = YES;
				CLANG_WARN_BLOCK_CAPTURE_AUTORELEASING = YES;
				CLANG_WARN_BOOL_CONVERSION = YES;
				CLANG_WARN_COMMA = YES;
				CLANG_WARN_CONSTANT_CONVERSION = YES;
				CLANG_WARN_DEPRECATED_OBJC_IMPLEMENTATIONS = YES;
				CLANG_WARN_DIRECT_OBJC_ISA_USAGE = YES_ERROR;
				CLANG_WARN_DOCUMENTATION_COMMENTS = YES;
				CLANG_WARN_EMPTY_BODY = YES;
				CLANG_WARN_ENUM_CONVERSION = YES;
				CLANG_WARN_INFINITE_RECURSION = YES;
				CLANG_WARN_INT_CONVERSION = YES;
				CLANG_WARN_NON_LITERAL_NULL_CONVERSION = YES;
				CLANG_WARN_OBJC_IMPLICIT_RETAIN_SELF = YES;
				CLANG_WARN_OBJC_LITERAL_CONVERSION = YES;
				CLANG_WARN_OBJC_ROOT_CLASS = YES_ERROR;
				CLANG_WARN_QUOTED_INCLUDE_IN_FRAMEWORK_HEADER = YES;
				CLANG_WARN_RANGE_LOOP_ANALYSIS = YES;
				CLANG_WARN_STRICT_PROTOTYPES = YES;
				CLANG_WARN_SUSPICIOUS_MOVE = YES;
				CLANG_WARN_UNGUARDED_AVAILABILITY = YES_AGGRESSIVE;
				CLANG_WARN_UNREACHABLE_CODE = YES;
				CLANG_WARN__DUPLICATE_METHOD_MATCH = YES;
				COPY_PHASE_STRIP = NO;
				DEBUG_INFORMATION_FORMAT = dwarf;
				DEVELOPMENT_TEAM = 6WHPY5MQSB;
				ENABLE_STRICT_OBJC_MSGSEND = YES;
				ENABLE_TESTABILITY = YES;
				ENABLE_USER_SCRIPT_SANDBOXING = YES;
				GCC_C_LANGUAGE_STANDARD = gnu17;
				GCC_DYNAMIC_NO_PIC = NO;
				GCC_NO_COMMON_BLOCKS = YES;
				GCC_OPTIMIZATION_LEVEL = 0;
				GCC_PREPROCESSOR_DEFINITIONS = (
					"DEBUG=1",
					"$(inherited)",
				);
				GCC_WARN_64_TO_32_BIT_CONVERSION = YES;
				GCC_WARN_ABOUT_RETURN_TYPE = YES_ERROR;
				GCC_WARN_UNDECLARED_SELECTOR = YES;
				GCC_WARN_UNINITIALIZED_AUTOS = YES_AGGRESSIVE;
				GCC_WARN_UNUSED_FUNCTION = YES;
				GCC_WARN_UNUSED_VARIABLE = YES;
				IPHONEOS_DEPLOYMENT_TARGET = 18.5;
				LOCALIZATION_PREFERS_STRING_CATALOGS = YES;
				MTL_ENABLE_DEBUG_INFO = INCLUDE_SOURCE;
				MTL_FAST_MATH = YES;
				ONLY_ACTIVE_ARCH = YES;
				SDKROOT = iphoneos;
				SWIFT_ACTIVE_COMPILATION_CONDITIONS = "DEBUG $(inherited)";
				SWIFT_OPTIMIZATION_LEVEL = "-Onone";
			};
			name = Debug;
		};
		78F93F102E50626900346B12 /* Release */ = {
			isa = XCBuildConfiguration;
			buildSettings = {
				ALWAYS_SEARCH_USER_PATHS = NO;
				ASSETCATALOG_COMPILER_GENERATE_SWIFT_ASSET_SYMBOL_EXTENSIONS = YES;
				CLANG_ANALYZER_NONNULL = YES;
				CLANG_ANALYZER_NUMBER_OBJECT_CONVERSION = YES_AGGRESSIVE;
				CLANG_CXX_LANGUAGE_STANDARD = "gnu++20";
				CLANG_ENABLE_MODULES = YES;
				CLANG_ENABLE_OBJC_ARC = YES;
				CLANG_ENABLE_OBJC_WEAK = YES;
				CLANG_WARN_BLOCK_CAPTURE_AUTORELEASING = YES;
				CLANG_WARN_BOOL_CONVERSION = YES;
				CLANG_WARN_COMMA = YES;
				CLANG_WARN_CONSTANT_CONVERSION = YES;
				CLANG_WARN_DEPRECATED_OBJC_IMPLEMENTATIONS = YES;
				CLANG_WARN_DIRECT_OBJC_ISA_USAGE = YES_ERROR;
				CLANG_WARN_DOCUMENTATION_COMMENTS = YES;
				CLANG_WARN_EMPTY_BODY = YES;
				CLANG_WARN_ENUM_CONVERSION = YES;
				CLANG_WARN_INFINITE_RECURSION = YES;
				CLANG_WARN_INT_CONVERSION = YES;
				CLANG_WARN_NON_LITERAL_NULL_CONVERSION = YES;
				CLANG_WARN_OBJC_IMPLICIT_RETAIN_SELF = YES;
				CLANG_WARN_OBJC_LITERAL_CONVERSION = YES;
				CLANG_WARN_OBJC_ROOT_CLASS = YES_ERROR;
				CLANG_WARN_QUOTED_INCLUDE_IN_FRAMEWORK_HEADER = YES;
				CLANG_WARN_RANGE_LOOP_ANALYSIS = YES;
				CLANG_WARN_STRICT_PROTOTYPES = YES;
				CLANG_WARN_SUSPICIOUS_MOVE = YES;
				CLANG_WARN_UNGUARDED_AVAILABILITY = YES_AGGRESSIVE;
				CLANG_WARN_UNREACHABLE_CODE = YES;
				CLANG_WARN__DUPLICATE_METHOD_MATCH = YES;
				COPY_PHASE_STRIP = NO;
				DEBUG_INFORMATION_FORMAT = "dwarf-with-dsym";
				DEVELOPMENT_TEAM = 6WHPY5MQSB;
				ENABLE_NS_ASSERTIONS = NO;
				ENABLE_STRICT_OBJC_MSGSEND = YES;
				ENABLE_USER_SCRIPT_SANDBOXING = YES;
				GCC_C_LANGUAGE_STANDARD = gnu17;
				GCC_NO_COMMON_BLOCKS = YES;
				GCC_WARN_64_TO_32_BIT_CONVERSION = YES;
				GCC_WARN_ABOUT_RETURN_TYPE = YES_ERROR;
				GCC_WARN_UNDECLARED_SELECTOR = YES;
				GCC_WARN_UNINITIALIZED_AUTOS = YES_AGGRESSIVE;
				GCC_WARN_UNUSED_FUNCTION = YES;
				GCC_WARN_UNUSED_VARIABLE = YES;
				IPHONEOS_DEPLOYMENT_TARGET = 18.5;
				LOCALIZATION_PREFERS_STRING_CATALOGS = YES;
				MTL_ENABLE_DEBUG_INFO = NO;
				MTL_FAST_MATH = YES;
				SDKROOT = iphoneos;
				SWIFT_COMPILATION_MODE = wholemodule;
				VALIDATE_PRODUCT = YES;
			};
			name = Release;
		};
		78F93F122E50626900346B12 /* Debug */ = {
			isa = XCBuildConfiguration;
			buildSettings = {
				ASSETCATALOG_COMPILER_APPICON_NAME = AppIcon;
				ASSETCATALOG_COMPILER_GLOBAL_ACCENT_COLOR_NAME = AccentColor;
				CODE_SIGN_STYLE = Automatic;
				CURRENT_PROJECT_VERSION = 1;
				DEBUG_INFORMATION_FORMAT = "dwarf-with-dsym";
				DEVELOPMENT_TEAM = 6WHPY5MQSB;
				ENABLE_PREVIEWS = YES;
				ENABLE_USER_SCRIPT_SANDBOXING = NO;
				GENERATE_INFOPLIST_FILE = YES;
				INFOPLIST_FILE = iOS/Info.plist;
				INFOPLIST_KEY_UIApplicationSceneManifest_Generation = YES;
				INFOPLIST_KEY_UIApplicationSupportsIndirectInputEvents = YES;
				INFOPLIST_KEY_UILaunchScreen_Generation = YES;
				INFOPLIST_KEY_UISupportedInterfaceOrientations_iPad = "UIInterfaceOrientationPortrait UIInterfaceOrientationPortraitUpsideDown UIInterfaceOrientationLandscapeLeft UIInterfaceOrientationLandscapeRight";
				INFOPLIST_KEY_UISupportedInterfaceOrientations_iPhone = "UIInterfaceOrientationPortrait UIInterfaceOrientationLandscapeLeft UIInterfaceOrientationLandscapeRight";
				LD_RUNPATH_SEARCH_PATHS = (
					"$(inherited)",
					"@executable_path/Frameworks",
				);
				MARKETING_VERSION = 1.0;
				PRODUCT_BUNDLE_IDENTIFIER = yossibank.yahoo.co.jp.SwiftTemplate.staging;
				PRODUCT_NAME = "$(TARGET_NAME)";
				SWIFT_ACTIVE_COMPILATION_CONDITIONS = "DEV $(inherited)";
				SWIFT_EMIT_LOC_STRINGS = YES;
				SWIFT_VERSION = 6.0;
				TARGETED_DEVICE_FAMILY = "1,2";
			};
			name = Debug;
		};
		78F93F132E50626900346B12 /* Release */ = {
			isa = XCBuildConfiguration;
			buildSettings = {
				ASSETCATALOG_COMPILER_APPICON_NAME = AppIcon;
				ASSETCATALOG_COMPILER_GLOBAL_ACCENT_COLOR_NAME = AccentColor;
				CODE_SIGN_STYLE = Automatic;
				CURRENT_PROJECT_VERSION = 1;
				DEVELOPMENT_TEAM = 6WHPY5MQSB;
				ENABLE_PREVIEWS = YES;
				ENABLE_USER_SCRIPT_SANDBOXING = NO;
				GENERATE_INFOPLIST_FILE = YES;
				INFOPLIST_FILE = iOS/Info.plist;
				INFOPLIST_KEY_UIApplicationSceneManifest_Generation = YES;
				INFOPLIST_KEY_UIApplicationSupportsIndirectInputEvents = YES;
				INFOPLIST_KEY_UILaunchScreen_Generation = YES;
				INFOPLIST_KEY_UISupportedInterfaceOrientations_iPad = "UIInterfaceOrientationPortrait UIInterfaceOrientationPortraitUpsideDown UIInterfaceOrientationLandscapeLeft UIInterfaceOrientationLandscapeRight";
				INFOPLIST_KEY_UISupportedInterfaceOrientations_iPhone = "UIInterfaceOrientationPortrait UIInterfaceOrientationLandscapeLeft UIInterfaceOrientationLandscapeRight";
				LD_RUNPATH_SEARCH_PATHS = (
					"$(inherited)",
					"@executable_path/Frameworks",
				);
				MARKETING_VERSION = 1.0;
				PRODUCT_BUNDLE_IDENTIFIER = yossibank.yahoo.co.jp.SwiftTemplate.staging;
				PRODUCT_NAME = "$(TARGET_NAME)";
				SWIFT_ACTIVE_COMPILATION_CONDITIONS = RELEASE;
				SWIFT_EMIT_LOC_STRINGS = YES;
				SWIFT_VERSION = 6.0;
				TARGETED_DEVICE_FAMILY = "1,2";
			};
			name = Release;
		};
/* End XCBuildConfiguration section */

/* Begin XCConfigurationList section */
		78F93EE92E50626700346B12 /* Build configuration list for PBXProject "Staging" */ = {
			isa = XCConfigurationList;
			buildConfigurations = (
				78F93F0F2E50626900346B12 /* Debug */,
				78F93F102E50626900346B12 /* Release */,
			);
			defaultConfigurationIsVisible = 0;
			defaultConfigurationName = Release;
		};
		78F93F112E50626900346B12 /* Build configuration list for PBXNativeTarget "Staging" */ = {
			isa = XCConfigurationList;
			buildConfigurations = (
				78F93F122E50626900346B12 /* Debug */,
				78F93F132E50626900346B12 /* Release */,
			);
			defaultConfigurationIsVisible = 0;
			defaultConfigurationName = Release;
		};
/* End XCConfigurationList section */

/* Begin XCSwiftPackageProductDependency section */
		78AB61DF2E62EF0F00228F2B /* Rakuten */ = {
			isa = XCSwiftPackageProductDependency;
			productName = Rakuten;
		};
		78AB61E12E62EF0F00228F2B /* RakutenConnector */ = {
			isa = XCSwiftPackageProductDependency;
			productName = RakutenConnector;
		};
		78AB61E32E62EF0F00228F2B /* RakutenView */ = {
			isa = XCSwiftPackageProductDependency;
			productName = RakutenView;
		};
		78C6CF682E59CAE900FF4A66 /* APIClient */ = {
			isa = XCSwiftPackageProductDependency;
			productName = APIClient;
		};
		78C6CF6A2E59CAE900FF4A66 /* AppConfiguration */ = {
			isa = XCSwiftPackageProductDependency;
			productName = AppConfiguration;
		};
		78C6CF6C2E59CAE900FF4A66 /* AppExtension */ = {
			isa = XCSwiftPackageProductDependency;
			productName = AppExtension;
		};
		78C6CF6E2E59CAE900FF4A66 /* AppFeature */ = {
			isa = XCSwiftPackageProductDependency;
			productName = AppFeature;
		};
		78C6CF962E59E54E00FF4A66 /* ViewComponent */ = {
			isa = XCSwiftPackageProductDependency;
			productName = ViewComponent;
		};
		78C6CF982E59E55100FF4A66 /* AppUI */ = {
			isa = XCSwiftPackageProductDependency;
			productName = AppUI;
		};
		78C6CFAD2E5A08D200FF4A66 /* AppDebug */ = {
			isa = XCSwiftPackageProductDependency;
			productName = AppDebug;
		};
		78C6CFB92E5A14BA00FF4A66 /* AppFirebase */ = {
			isa = XCSwiftPackageProductDependency;
			productName = AppFirebase;
		};
/* End XCSwiftPackageProductDependency section */
	};
	rootObject = 78F93EE62E50626700346B12 /* Project object */;
}
